// !$*UTF8*$!
{
	archiveVersion = 1;
	classes = {
	};
	objectVersion = 46;
	objects = {

/* Begin PBXBuildFile section */
		33134FF91D25CA0F00FD59DB /* Homepwner.xcdatamodeld in Sources */ = {isa = PBXBuildFile; fileRef = 33134FF71D25CA0F00FD59DB /* Homepwner.xcdatamodeld */; };
		33134FFC1D25CF1100FD59DB /* BNRImageTransformer.m in Sources */ = {isa = PBXBuildFile; fileRef = 33134FFB1D25CF1100FD59DB /* BNRImageTransformer.m */; };
		331350131D25F08300FD59DB /* BNRItem+CoreDataProperties.m in Sources */ = {isa = PBXBuildFile; fileRef = 331350101D25F08300FD59DB /* BNRItem+CoreDataProperties.m */; };
		331350141D25F08300FD59DB /* BNRItem.m in Sources */ = {isa = PBXBuildFile; fileRef = 331350121D25F08300FD59DB /* BNRItem.m */; };
		334B8E941D0A29000033F5B4 /* main.m in Sources */ = {isa = PBXBuildFile; fileRef = 334B8E931D0A29000033F5B4 /* main.m */; };
		334B8E971D0A29000033F5B4 /* AppDelegate.m in Sources */ = {isa = PBXBuildFile; fileRef = 334B8E961D0A29000033F5B4 /* AppDelegate.m */; };
		334B8E991D0A29000033F5B4 /* Assets.xcassets in Resources */ = {isa = PBXBuildFile; fileRef = 334B8E981D0A29000033F5B4 /* Assets.xcassets */; };
		334B8EA71D0A29000033F5B4 /* HomepwnerTests.m in Sources */ = {isa = PBXBuildFile; fileRef = 334B8EA61D0A29000033F5B4 /* HomepwnerTests.m */; };
		334B8EB21D0A29000033F5B4 /* HomepwnerUITests.m in Sources */ = {isa = PBXBuildFile; fileRef = 334B8EB11D0A29000033F5B4 /* HomepwnerUITests.m */; };
		334B8EC21D0A2FB60033F5B4 /* BNRItemsViewController.m in Sources */ = {isa = PBXBuildFile; fileRef = 334B8EC01D0A2FB60033F5B4 /* BNRItemsViewController.m */; };
		334B8EC91D0A35AB0033F5B4 /* BNRItemStore.m in Sources */ = {isa = PBXBuildFile; fileRef = 334B8EC81D0A35AB0033F5B4 /* BNRItemStore.m */; };
		335D4B0B1D2F0D840055D496 /* Localizable.strings in Resources */ = {isa = PBXBuildFile; fileRef = 335D4B0D1D2F0D840055D496 /* Localizable.strings */; };
		335D4B381D2F20790055D496 /* Settings.bundle in Resources */ = {isa = PBXBuildFile; fileRef = 335D4B371D2F20790055D496 /* Settings.bundle */; };
		337424181D11D36B00F633FF /* BNRImageStore.m in Sources */ = {isa = PBXBuildFile; fileRef = 337424171D11D36B00F633FF /* BNRImageStore.m */; };
		33878CC01D2EF39E006D389C /* BNRDetailViewController.xib in Resources */ = {isa = PBXBuildFile; fileRef = 33878CC21D2EF39E006D389C /* BNRDetailViewController.xib */; };
		33ADA2861D10701300578622 /* BNRDetailViewController.m in Sources */ = {isa = PBXBuildFile; fileRef = 33ADA2841D10701300578622 /* BNRDetailViewController.m */; };
		33C3D36B1D27AAEB000F12B2 /* BNRAssetTypeViewController.m in Sources */ = {isa = PBXBuildFile; fileRef = 33C3D3671D27AAEB000F12B2 /* BNRAssetTypeViewController.m */; };
		33C3D36C1D27AAEB000F12B2 /* BNRItemCell.m in Sources */ = {isa = PBXBuildFile; fileRef = 33C3D3691D27AAEB000F12B2 /* BNRItemCell.m */; };
		33C3D36D1D27AAEB000F12B2 /* BNRItemCell.xib in Resources */ = {isa = PBXBuildFile; fileRef = 33C3D36A1D27AAEB000F12B2 /* BNRItemCell.xib */; };
		33C99E121D22E725002F58BC /* BNRImageViewController.m in Sources */ = {isa = PBXBuildFile; fileRef = 33C99E101D22E725002F58BC /* BNRImageViewController.m */; };
/* End PBXBuildFile section */

/* Begin PBXContainerItemProxy section */
		334B8EA31D0A29000033F5B4 /* PBXContainerItemProxy */ = {
			isa = PBXContainerItemProxy;
			containerPortal = 334B8E871D0A29000033F5B4 /* Project object */;
			proxyType = 1;
			remoteGlobalIDString = 334B8E8E1D0A29000033F5B4;
			remoteInfo = Homepwner;
		};
		334B8EAE1D0A29000033F5B4 /* PBXContainerItemProxy */ = {
			isa = PBXContainerItemProxy;
			containerPortal = 334B8E871D0A29000033F5B4 /* Project object */;
			proxyType = 1;
			remoteGlobalIDString = 334B8E8E1D0A29000033F5B4;
			remoteInfo = Homepwner;
		};
/* End PBXContainerItemProxy section */

/* Begin PBXFileReference section */
		33134FF81D25CA0F00FD59DB /* Homepwner.xcdatamodel */ = {isa = PBXFileReference; lastKnownFileType = wrapper.xcdatamodel; path = Homepwner.xcdatamodel; sourceTree = "<group>"; };
		33134FFA1D25CF1100FD59DB /* BNRImageTransformer.h */ = {isa = PBXFileReference; fileEncoding = 4; lastKnownFileType = sourcecode.c.h; path = BNRImageTransformer.h; sourceTree = "<group>"; };
		33134FFB1D25CF1100FD59DB /* BNRImageTransformer.m */ = {isa = PBXFileReference; fileEncoding = 4; lastKnownFileType = sourcecode.c.objc; path = BNRImageTransformer.m; sourceTree = "<group>"; };
		3313500F1D25F08300FD59DB /* BNRItem+CoreDataProperties.h */ = {isa = PBXFileReference; fileEncoding = 4; lastKnownFileType = sourcecode.c.h; path = "BNRItem+CoreDataProperties.h"; sourceTree = "<group>"; };
		331350101D25F08300FD59DB /* BNRItem+CoreDataProperties.m */ = {isa = PBXFileReference; fileEncoding = 4; lastKnownFileType = sourcecode.c.objc; path = "BNRItem+CoreDataProperties.m"; sourceTree = "<group>"; };
		331350111D25F08300FD59DB /* BNRItem.h */ = {isa = PBXFileReference; fileEncoding = 4; lastKnownFileType = sourcecode.c.h; path = BNRItem.h; sourceTree = "<group>"; };
		331350121D25F08300FD59DB /* BNRItem.m */ = {isa = PBXFileReference; fileEncoding = 4; lastKnownFileType = sourcecode.c.objc; path = BNRItem.m; sourceTree = "<group>"; };
		334B8E8F1D0A29000033F5B4 /* Homepwner.app */ = {isa = PBXFileReference; explicitFileType = wrapper.application; includeInIndex = 0; path = Homepwner.app; sourceTree = BUILT_PRODUCTS_DIR; };
		334B8E931D0A29000033F5B4 /* main.m */ = {isa = PBXFileReference; lastKnownFileType = sourcecode.c.objc; path = main.m; sourceTree = "<group>"; };
		334B8E951D0A29000033F5B4 /* AppDelegate.h */ = {isa = PBXFileReference; lastKnownFileType = sourcecode.c.h; path = AppDelegate.h; sourceTree = "<group>"; };
		334B8E961D0A29000033F5B4 /* AppDelegate.m */ = {isa = PBXFileReference; lastKnownFileType = sourcecode.c.objc; path = AppDelegate.m; sourceTree = "<group>"; };
		334B8E981D0A29000033F5B4 /* Assets.xcassets */ = {isa = PBXFileReference; lastKnownFileType = folder.assetcatalog; path = Assets.xcassets; sourceTree = "<group>"; };
		334B8E9D1D0A29000033F5B4 /* Info.plist */ = {isa = PBXFileReference; lastKnownFileType = text.plist.xml; path = Info.plist; sourceTree = "<group>"; };
		334B8EA21D0A29000033F5B4 /* HomepwnerTests.xctest */ = {isa = PBXFileReference; explicitFileType = wrapper.cfbundle; includeInIndex = 0; path = HomepwnerTests.xctest; sourceTree = BUILT_PRODUCTS_DIR; };
		334B8EA61D0A29000033F5B4 /* HomepwnerTests.m */ = {isa = PBXFileReference; lastKnownFileType = sourcecode.c.objc; path = HomepwnerTests.m; sourceTree = "<group>"; };
		334B8EA81D0A29000033F5B4 /* Info.plist */ = {isa = PBXFileReference; lastKnownFileType = text.plist.xml; path = Info.plist; sourceTree = "<group>"; };
		334B8EAD1D0A29000033F5B4 /* HomepwnerUITests.xctest */ = {isa = PBXFileReference; explicitFileType = wrapper.cfbundle; includeInIndex = 0; path = HomepwnerUITests.xctest; sourceTree = BUILT_PRODUCTS_DIR; };
		334B8EB11D0A29000033F5B4 /* HomepwnerUITests.m */ = {isa = PBXFileReference; lastKnownFileType = sourcecode.c.objc; path = HomepwnerUITests.m; sourceTree = "<group>"; };
		334B8EB31D0A29000033F5B4 /* Info.plist */ = {isa = PBXFileReference; lastKnownFileType = text.plist.xml; path = Info.plist; sourceTree = "<group>"; };
		334B8EBF1D0A2FB60033F5B4 /* BNRItemsViewController.h */ = {isa = PBXFileReference; fileEncoding = 4; lastKnownFileType = sourcecode.c.h; path = BNRItemsViewController.h; sourceTree = "<group>"; };
		334B8EC01D0A2FB60033F5B4 /* BNRItemsViewController.m */ = {isa = PBXFileReference; fileEncoding = 4; lastKnownFileType = sourcecode.c.objc; path = BNRItemsViewController.m; sourceTree = "<group>"; };
		334B8EC71D0A35AB0033F5B4 /* BNRItemStore.h */ = {isa = PBXFileReference; fileEncoding = 4; lastKnownFileType = sourcecode.c.h; path = BNRItemStore.h; sourceTree = "<group>"; };
		334B8EC81D0A35AB0033F5B4 /* BNRItemStore.m */ = {isa = PBXFileReference; fileEncoding = 4; lastKnownFileType = sourcecode.c.objc; path = BNRItemStore.m; sourceTree = "<group>"; };
		335D4B0C1D2F0D840055D496 /* es */ = {isa = PBXFileReference; lastKnownFileType = text.plist.strings; name = es; path = es.lproj/Localizable.strings; sourceTree = "<group>"; };
		335D4B0F1D2F0D960055D496 /* en */ = {isa = PBXFileReference; lastKnownFileType = text.plist.strings; name = en; path = en.lproj/Localizable.strings; sourceTree = "<group>"; };
		335D4B371D2F20790055D496 /* Settings.bundle */ = {isa = PBXFileReference; lastKnownFileType = "wrapper.plug-in"; path = Settings.bundle; sourceTree = "<group>"; };
		337424161D11D36B00F633FF /* BNRImageStore.h */ = {isa = PBXFileReference; fileEncoding = 4; lastKnownFileType = sourcecode.c.h; path = BNRImageStore.h; sourceTree = "<group>"; };
		337424171D11D36B00F633FF /* BNRImageStore.m */ = {isa = PBXFileReference; fileEncoding = 4; lastKnownFileType = sourcecode.c.objc; path = BNRImageStore.m; sourceTree = "<group>"; };
		33878CC31D2EF3C1006D389C /* Base */ = {isa = PBXFileReference; lastKnownFileType = file.xib; name = Base; path = Base.lproj/BNRDetailViewController.xib; sourceTree = "<group>"; };
		33878CC61D2EF677006D389C /* en */ = {isa = PBXFileReference; lastKnownFileType = text.plist.strings; name = en; path = en.lproj/BNRDetailViewController.strings; sourceTree = "<group>"; };
		33878CC71D2EF783006D389C /* es */ = {isa = PBXFileReference; lastKnownFileType = text.plist.strings; name = es; path = es.lproj/BNRDetailViewController.strings; sourceTree = "<group>"; };
		33ADA2831D10701300578622 /* BNRDetailViewController.h */ = {isa = PBXFileReference; fileEncoding = 4; lastKnownFileType = sourcecode.c.h; path = BNRDetailViewController.h; sourceTree = "<group>"; };
		33ADA2841D10701300578622 /* BNRDetailViewController.m */ = {isa = PBXFileReference; fileEncoding = 4; lastKnownFileType = sourcecode.c.objc; path = BNRDetailViewController.m; sourceTree = "<group>"; };
		33C3D3661D27AAEB000F12B2 /* BNRAssetTypeViewController.h */ = {isa = PBXFileReference; fileEncoding = 4; lastKnownFileType = sourcecode.c.h; path = BNRAssetTypeViewController.h; sourceTree = "<group>"; };
		33C3D3671D27AAEB000F12B2 /* BNRAssetTypeViewController.m */ = {isa = PBXFileReference; fileEncoding = 4; lastKnownFileType = sourcecode.c.objc; path = BNRAssetTypeViewController.m; sourceTree = "<group>"; };
		33C3D3681D27AAEB000F12B2 /* BNRItemCell.h */ = {isa = PBXFileReference; fileEncoding = 4; lastKnownFileType = sourcecode.c.h; path = BNRItemCell.h; sourceTree = "<group>"; };
		33C3D3691D27AAEB000F12B2 /* BNRItemCell.m */ = {isa = PBXFileReference; fileEncoding = 4; lastKnownFileType = sourcecode.c.objc; path = BNRItemCell.m; sourceTree = "<group>"; };
		33C3D36A1D27AAEB000F12B2 /* BNRItemCell.xib */ = {isa = PBXFileReference; fileEncoding = 4; lastKnownFileType = file.xib; path = BNRItemCell.xib; sourceTree = "<group>"; };
		33C99E0F1D22E725002F58BC /* BNRImageViewController.h */ = {isa = PBXFileReference; fileEncoding = 4; lastKnownFileType = sourcecode.c.h; path = BNRImageViewController.h; sourceTree = "<group>"; };
		33C99E101D22E725002F58BC /* BNRImageViewController.m */ = {isa = PBXFileReference; fileEncoding = 4; lastKnownFileType = sourcecode.c.objc; path = BNRImageViewController.m; sourceTree = "<group>"; };
/* End PBXFileReference section */

/* Begin PBXFrameworksBuildPhase section */
		334B8E8C1D0A29000033F5B4 /* Frameworks */ = {
			isa = PBXFrameworksBuildPhase;
			buildActionMask = 2147483647;
			files = (
			);
			runOnlyForDeploymentPostprocessing = 0;
		};
		334B8E9F1D0A29000033F5B4 /* Frameworks */ = {
			isa = PBXFrameworksBuildPhase;
			buildActionMask = 2147483647;
			files = (
			);
			runOnlyForDeploymentPostprocessing = 0;
		};
		334B8EAA1D0A29000033F5B4 /* Frameworks */ = {
			isa = PBXFrameworksBuildPhase;
			buildActionMask = 2147483647;
			files = (
			);
			runOnlyForDeploymentPostprocessing = 0;
		};
/* End PBXFrameworksBuildPhase section */

/* Begin PBXGroup section */
		334B8E861D0A29000033F5B4 = {
			isa = PBXGroup;
			children = (
				334B8E911D0A29000033F5B4 /* Homepwner */,
				334B8EA51D0A29000033F5B4 /* HomepwnerTests */,
				334B8EB01D0A29000033F5B4 /* HomepwnerUITests */,
				334B8E901D0A29000033F5B4 /* Products */,
			);
			sourceTree = "<group>";
		};
		334B8E901D0A29000033F5B4 /* Products */ = {
			isa = PBXGroup;
			children = (
				334B8E8F1D0A29000033F5B4 /* Homepwner.app */,
				334B8EA21D0A29000033F5B4 /* HomepwnerTests.xctest */,
				334B8EAD1D0A29000033F5B4 /* HomepwnerUITests.xctest */,
			);
			name = Products;
			sourceTree = "<group>";
		};
		334B8E911D0A29000033F5B4 /* Homepwner */ = {
			isa = PBXGroup;
			children = (
				334B8E951D0A29000033F5B4 /* AppDelegate.h */,
				334B8E961D0A29000033F5B4 /* AppDelegate.m */,
				334B8EC71D0A35AB0033F5B4 /* BNRItemStore.h */,
				334B8EC81D0A35AB0033F5B4 /* BNRItemStore.m */,
				337424161D11D36B00F633FF /* BNRImageStore.h */,
				337424171D11D36B00F633FF /* BNRImageStore.m */,
				33C99E0F1D22E725002F58BC /* BNRImageViewController.h */,
				33C99E101D22E725002F58BC /* BNRImageViewController.m */,
				33134FF71D25CA0F00FD59DB /* Homepwner.xcdatamodeld */,
				3313500F1D25F08300FD59DB /* BNRItem+CoreDataProperties.h */,
				331350101D25F08300FD59DB /* BNRItem+CoreDataProperties.m */,
				331350111D25F08300FD59DB /* BNRItem.h */,
				331350121D25F08300FD59DB /* BNRItem.m */,
				33134FFA1D25CF1100FD59DB /* BNRImageTransformer.h */,
				33134FFB1D25CF1100FD59DB /* BNRImageTransformer.m */,
				33C3D3661D27AAEB000F12B2 /* BNRAssetTypeViewController.h */,
				33C3D3671D27AAEB000F12B2 /* BNRAssetTypeViewController.m */,
				33C3D3681D27AAEB000F12B2 /* BNRItemCell.h */,
				33C3D3691D27AAEB000F12B2 /* BNRItemCell.m */,
				33C3D36A1D27AAEB000F12B2 /* BNRItemCell.xib */,
				334B8EBF1D0A2FB60033F5B4 /* BNRItemsViewController.h */,
				334B8EC01D0A2FB60033F5B4 /* BNRItemsViewController.m */,
				33ADA2831D10701300578622 /* BNRDetailViewController.h */,
				33ADA2841D10701300578622 /* BNRDetailViewController.m */,
				33878CC21D2EF39E006D389C /* BNRDetailViewController.xib */,
				335D4B0D1D2F0D840055D496 /* Localizable.strings */,
				334B8E981D0A29000033F5B4 /* Assets.xcassets */,
				334B8E9D1D0A29000033F5B4 /* Info.plist */,
				334B8E921D0A29000033F5B4 /* Supporting Files */,
				335D4B371D2F20790055D496 /* Settings.bundle */,
			);
			path = Homepwner;
			sourceTree = "<group>";
		};
		334B8E921D0A29000033F5B4 /* Supporting Files */ = {
			isa = PBXGroup;
			children = (
				334B8E931D0A29000033F5B4 /* main.m */,
			);
			name = "Supporting Files";
			sourceTree = "<group>";
		};
		334B8EA51D0A29000033F5B4 /* HomepwnerTests */ = {
			isa = PBXGroup;
			children = (
				334B8EA61D0A29000033F5B4 /* HomepwnerTests.m */,
				334B8EA81D0A29000033F5B4 /* Info.plist */,
			);
			path = HomepwnerTests;
			sourceTree = "<group>";
		};
		334B8EB01D0A29000033F5B4 /* HomepwnerUITests */ = {
			isa = PBXGroup;
			children = (
				334B8EB11D0A29000033F5B4 /* HomepwnerUITests.m */,
				334B8EB31D0A29000033F5B4 /* Info.plist */,
			);
			path = HomepwnerUITests;
			sourceTree = "<group>";
		};
/* End PBXGroup section */

/* Begin PBXNativeTarget section */
		334B8E8E1D0A29000033F5B4 /* Homepwner */ = {
			isa = PBXNativeTarget;
			buildConfigurationList = 334B8EB61D0A29000033F5B4 /* Build configuration list for PBXNativeTarget "Homepwner" */;
			buildPhases = (
				334B8E8B1D0A29000033F5B4 /* Sources */,
				334B8E8C1D0A29000033F5B4 /* Frameworks */,
				334B8E8D1D0A29000033F5B4 /* Resources */,
			);
			buildRules = (
			);
			dependencies = (
			);
			name = Homepwner;
			productName = Homepwner;
			productReference = 334B8E8F1D0A29000033F5B4 /* Homepwner.app */;
			productType = "com.apple.product-type.application";
		};
		334B8EA11D0A29000033F5B4 /* HomepwnerTests */ = {
			isa = PBXNativeTarget;
			buildConfigurationList = 334B8EB91D0A29000033F5B4 /* Build configuration list for PBXNativeTarget "HomepwnerTests" */;
			buildPhases = (
				334B8E9E1D0A29000033F5B4 /* Sources */,
				334B8E9F1D0A29000033F5B4 /* Frameworks */,
				334B8EA01D0A29000033F5B4 /* Resources */,
			);
			buildRules = (
			);
			dependencies = (
				334B8EA41D0A29000033F5B4 /* PBXTargetDependency */,
			);
			name = HomepwnerTests;
			productName = HomepwnerTests;
			productReference = 334B8EA21D0A29000033F5B4 /* HomepwnerTests.xctest */;
			productType = "com.apple.product-type.bundle.unit-test";
		};
		334B8EAC1D0A29000033F5B4 /* HomepwnerUITests */ = {
			isa = PBXNativeTarget;
			buildConfigurationList = 334B8EBC1D0A29000033F5B4 /* Build configuration list for PBXNativeTarget "HomepwnerUITests" */;
			buildPhases = (
				334B8EA91D0A29000033F5B4 /* Sources */,
				334B8EAA1D0A29000033F5B4 /* Frameworks */,
				334B8EAB1D0A29000033F5B4 /* Resources */,
			);
			buildRules = (
			);
			dependencies = (
				334B8EAF1D0A29000033F5B4 /* PBXTargetDependency */,
			);
			name = HomepwnerUITests;
			productName = HomepwnerUITests;
			productReference = 334B8EAD1D0A29000033F5B4 /* HomepwnerUITests.xctest */;
			productType = "com.apple.product-type.bundle.ui-testing";
		};
/* End PBXNativeTarget section */

/* Begin PBXProject section */
		334B8E871D0A29000033F5B4 /* Project object */ = {
			isa = PBXProject;
			attributes = {
				LastUpgradeCheck = 0730;
				ORGANIZATIONNAME = "Tian, Di";
				TargetAttributes = {
					334B8E8E1D0A29000033F5B4 = {
						CreatedOnToolsVersion = 7.3.1;
					};
					334B8EA11D0A29000033F5B4 = {
						CreatedOnToolsVersion = 7.3.1;
						TestTargetID = 334B8E8E1D0A29000033F5B4;
					};
					334B8EAC1D0A29000033F5B4 = {
						CreatedOnToolsVersion = 7.3.1;
						TestTargetID = 334B8E8E1D0A29000033F5B4;
					};
				};
			};
			buildConfigurationList = 334B8E8A1D0A29000033F5B4 /* Build configuration list for PBXProject "Homepwner" */;
			compatibilityVersion = "Xcode 3.2";
			developmentRegion = English;
			hasScannedForEncodings = 0;
			knownRegions = (
				en,
				Base,
			);
			mainGroup = 334B8E861D0A29000033F5B4;
			productRefGroup = 334B8E901D0A29000033F5B4 /* Products */;
			projectDirPath = "";
			projectRoot = "";
			targets = (
				334B8E8E1D0A29000033F5B4 /* Homepwner */,
				334B8EA11D0A29000033F5B4 /* HomepwnerTests */,
				334B8EAC1D0A29000033F5B4 /* HomepwnerUITests */,
			);
		};
/* End PBXProject section */

/* Begin PBXResourcesBuildPhase section */
		334B8E8D1D0A29000033F5B4 /* Resources */ = {
			isa = PBXResourcesBuildPhase;
			buildActionMask = 2147483647;
			files = (
				33878CC01D2EF39E006D389C /* BNRDetailViewController.xib in Resources */,
				335D4B0B1D2F0D840055D496 /* Localizable.strings in Resources */,
				335D4B381D2F20790055D496 /* Settings.bundle in Resources */,
				33C3D36D1D27AAEB000F12B2 /* BNRItemCell.xib in Resources */,
				334B8E991D0A29000033F5B4 /* Assets.xcassets in Resources */,
			);
			runOnlyForDeploymentPostprocessing = 0;
		};
		334B8EA01D0A29000033F5B4 /* Resources */ = {
			isa = PBXResourcesBuildPhase;
			buildActionMask = 2147483647;
			files = (
			);
			runOnlyForDeploymentPostprocessing = 0;
		};
		334B8EAB1D0A29000033F5B4 /* Resources */ = {
			isa = PBXResourcesBuildPhase;
			buildActionMask = 2147483647;
			files = (
			);
			runOnlyForDeploymentPostprocessing = 0;
		};
/* End PBXResourcesBuildPhase section */

/* Begin PBXSourcesBuildPhase section */
		334B8E8B1D0A29000033F5B4 /* Sources */ = {
			isa = PBXSourcesBuildPhase;
			buildActionMask = 2147483647;
			files = (
				33ADA2861D10701300578622 /* BNRDetailViewController.m in Sources */,
				331350141D25F08300FD59DB /* BNRItem.m in Sources */,
				33C99E121D22E725002F58BC /* BNRImageViewController.m in Sources */,
				334B8EC91D0A35AB0033F5B4 /* BNRItemStore.m in Sources */,
				33C3D36B1D27AAEB000F12B2 /* BNRAssetTypeViewController.m in Sources */,
				337424181D11D36B00F633FF /* BNRImageStore.m in Sources */,
				334B8EC21D0A2FB60033F5B4 /* BNRItemsViewController.m in Sources */,
				334B8E971D0A29000033F5B4 /* AppDelegate.m in Sources */,
				33C3D36C1D27AAEB000F12B2 /* BNRItemCell.m in Sources */,
				334B8E941D0A29000033F5B4 /* main.m in Sources */,
				33134FF91D25CA0F00FD59DB /* Homepwner.xcdatamodeld in Sources */,
				33134FFC1D25CF1100FD59DB /* BNRImageTransformer.m in Sources */,
				331350131D25F08300FD59DB /* BNRItem+CoreDataProperties.m in Sources */,
			);
			runOnlyForDeploymentPostprocessing = 0;
		};
		334B8E9E1D0A29000033F5B4 /* Sources */ = {
			isa = PBXSourcesBuildPhase;
			buildActionMask = 2147483647;
			files = (
				334B8EA71D0A29000033F5B4 /* HomepwnerTests.m in Sources */,
			);
			runOnlyForDeploymentPostprocessing = 0;
		};
		334B8EA91D0A29000033F5B4 /* Sources */ = {
			isa = PBXSourcesBuildPhase;
			buildActionMask = 2147483647;
			files = (
				334B8EB21D0A29000033F5B4 /* HomepwnerUITests.m in Sources */,
			);
			runOnlyForDeploymentPostprocessing = 0;
		};
/* End PBXSourcesBuildPhase section */

/* Begin PBXTargetDependency section */
		334B8EA41D0A29000033F5B4 /* PBXTargetDependency */ = {
			isa = PBXTargetDependency;
			target = 334B8E8E1D0A29000033F5B4 /* Homepwner */;
			targetProxy = 334B8EA31D0A29000033F5B4 /* PBXContainerItemProxy */;
		};
		334B8EAF1D0A29000033F5B4 /* PBXTargetDependency */ = {
			isa = PBXTargetDependency;
			target = 334B8E8E1D0A29000033F5B4 /* Homepwner */;
			targetProxy = 334B8EAE1D0A29000033F5B4 /* PBXContainerItemProxy */;
		};
/* End PBXTargetDependency section */

/* Begin PBXVariantGroup section */
		335D4B0D1D2F0D840055D496 /* Localizable.strings */ = {
			isa = PBXVariantGroup;
			children = (
				335D4B0C1D2F0D840055D496 /* es */,
				335D4B0F1D2F0D960055D496 /* en */,
			);
			name = Localizable.strings;
			sourceTree = "<group>";
		};
		33878CC21D2EF39E006D389C /* BNRDetailViewController.xib */ = {
			isa = PBXVariantGroup;
			children = (
				33878CC31D2EF3C1006D389C /* Base */,
				33878CC61D2EF677006D389C /* en */,
				33878CC71D2EF783006D389C /* es */,
			);
			name = BNRDetailViewController.xib;
			sourceTree = "<group>";
		};
/* End PBXVariantGroup section */

/* Begin XCBuildConfiguration section */
		334B8EB41D0A29000033F5B4 /* Debug */ = {
			isa = XCBuildConfiguration;
			buildSettings = {
				ALWAYS_SEARCH_USER_PATHS = NO;
				CLANG_ANALYZER_NONNULL = YES;
				CLANG_CXX_LANGUAGE_STANDARD = "gnu++0x";
				CLANG_CXX_LIBRARY = "libc++";
				CLANG_ENABLE_MODULES = YES;
				CLANG_ENABLE_OBJC_ARC = YES;
				CLANG_WARN_BOOL_CONVERSION = YES;
				CLANG_WARN_CONSTANT_CONVERSION = YES;
				CLANG_WARN_DIRECT_OBJC_ISA_USAGE = YES_ERROR;
				CLANG_WARN_EMPTY_BODY = YES;
				CLANG_WARN_ENUM_CONVERSION = YES;
				CLANG_WARN_INT_CONVERSION = YES;
				CLANG_WARN_OBJC_ROOT_CLASS = YES_ERROR;
				CLANG_WARN_UNREACHABLE_CODE = YES;
				CLANG_WARN__DUPLICATE_METHOD_MATCH = YES;
				"CODE_SIGN_IDENTITY[sdk=iphoneos*]" = "iPhone Developer";
				COPY_PHASE_STRIP = NO;
				DEBUG_INFORMATION_FORMAT = dwarf;
				ENABLE_STRICT_OBJC_MSGSEND = YES;
				ENABLE_TESTABILITY = YES;
				GCC_C_LANGUAGE_STANDARD = gnu99;
				GCC_DYNAMIC_NO_PIC = NO;
				GCC_NO_COMMON_BLOCKS = YES;
				GCC_OPTIMIZATION_LEVEL = 0;
				GCC_PREPROCESSOR_DEFINITIONS = (
					"DEBUG=1",
					"$(inherited)",
				);
				GCC_WARN_64_TO_32_BIT_CONVERSION = YES;
				GCC_WARN_ABOUT_RETURN_TYPE = YES_ERROR;
				GCC_WARN_UNDECLARED_SELECTOR = YES;
				GCC_WARN_UNINITIALIZED_AUTOS = YES_AGGRESSIVE;
				GCC_WARN_UNUSED_FUNCTION = YES;
				GCC_WARN_UNUSED_VARIABLE = YES;
				IPHONEOS_DEPLOYMENT_TARGET = 9.3;
				MTL_ENABLE_DEBUG_INFO = YES;
				ONLY_ACTIVE_ARCH = YES;
				SDKROOT = iphoneos;
			};
			name = Debug;
		};
		334B8EB51D0A29000033F5B4 /* Release */ = {
			isa = XCBuildConfiguration;
			buildSettings = {
				ALWAYS_SEARCH_USER_PATHS = NO;
				CLANG_ANALYZER_NONNULL = YES;
				CLANG_CXX_LANGUAGE_STANDARD = "gnu++0x";
				CLANG_CXX_LIBRARY = "libc++";
				CLANG_ENABLE_MODULES = YES;
				CLANG_ENABLE_OBJC_ARC = YES;
				CLANG_WARN_BOOL_CONVERSION = YES;
				CLANG_WARN_CONSTANT_CONVERSION = YES;
				CLANG_WARN_DIRECT_OBJC_ISA_USAGE = YES_ERROR;
				CLANG_WARN_EMPTY_BODY = YES;
				CLANG_WARN_ENUM_CONVERSION = YES;
				CLANG_WARN_INT_CONVERSION = YES;
				CLANG_WARN_OBJC_ROOT_CLASS = YES_ERROR;
				CLANG_WARN_UNREACHABLE_CODE = YES;
				CLANG_WARN__DUPLICATE_METHOD_MATCH = YES;
				"CODE_SIGN_IDENTITY[sdk=iphoneos*]" = "iPhone Developer";
				COPY_PHASE_STRIP = NO;
				DEBUG_INFORMATION_FORMAT = "dwarf-with-dsym";
				ENABLE_NS_ASSERTIONS = NO;
				ENABLE_STRICT_OBJC_MSGSEND = YES;
				GCC_C_LANGUAGE_STANDARD = gnu99;
				GCC_NO_COMMON_BLOCKS = YES;
				GCC_WARN_64_TO_32_BIT_CONVERSION = YES;
				GCC_WARN_ABOUT_RETURN_TYPE = YES_ERROR;
				GCC_WARN_UNDECLARED_SELECTOR = YES;
				GCC_WARN_UNINITIALIZED_AUTOS = YES_AGGRESSIVE;
				GCC_WARN_UNUSED_FUNCTION = YES;
				GCC_WARN_UNUSED_VARIABLE = YES;
				IPHONEOS_DEPLOYMENT_TARGET = 9.3;
				MTL_ENABLE_DEBUG_INFO = NO;
				SDKROOT = iphoneos;
				VALIDATE_PRODUCT = YES;
			};
			name = Release;
		};
		334B8EB71D0A29000033F5B4 /* Debug */ = {
			isa = XCBuildConfiguration;
			buildSettings = {
				ASSETCATALOG_COMPILER_APPICON_NAME = AppIcon;
				INFOPLIST_FILE = Homepwner/Info.plist;
				LD_RUNPATH_SEARCH_PATHS = "$(inherited) @executable_path/Frameworks";
				PRODUCT_BUNDLE_IDENTIFIER = test.Homepwner;
				PRODUCT_NAME = "$(TARGET_NAME)";
				TARGETED_DEVICE_FAMILY = "1,2";
			};
			name = Debug;
		};
		334B8EB81D0A29000033F5B4 /* Release */ = {
			isa = XCBuildConfiguration;
			buildSettings = {
				ASSETCATALOG_COMPILER_APPICON_NAME = AppIcon;
				INFOPLIST_FILE = Homepwner/Info.plist;
				LD_RUNPATH_SEARCH_PATHS = "$(inherited) @executable_path/Frameworks";
				PRODUCT_BUNDLE_IDENTIFIER = test.Homepwner;
				PRODUCT_NAME = "$(TARGET_NAME)";
				TARGETED_DEVICE_FAMILY = "1,2";
			};
			name = Release;
		};
		334B8EBA1D0A29000033F5B4 /* Debug */ = {
			isa = XCBuildConfiguration;
			buildSettings = {
				BUNDLE_LOADER = "$(TEST_HOST)";
				INFOPLIST_FILE = HomepwnerTests/Info.plist;
				LD_RUNPATH_SEARCH_PATHS = "$(inherited) @executable_path/Frameworks @loader_path/Frameworks";
				PRODUCT_BUNDLE_IDENTIFIER = test.HomepwnerTests;
				PRODUCT_NAME = "$(TARGET_NAME)";
				TEST_HOST = "$(BUILT_PRODUCTS_DIR)/Homepwner.app/Homepwner";
			};
			name = Debug;
		};
		334B8EBB1D0A29000033F5B4 /* Release */ = {
			isa = XCBuildConfiguration;
			buildSettings = {
				BUNDLE_LOADER = "$(TEST_HOST)";
				INFOPLIST_FILE = HomepwnerTests/Info.plist;
				LD_RUNPATH_SEARCH_PATHS = "$(inherited) @executable_path/Frameworks @loader_path/Frameworks";
				PRODUCT_BUNDLE_IDENTIFIER = test.HomepwnerTests;
				PRODUCT_NAME = "$(TARGET_NAME)";
				TEST_HOST = "$(BUILT_PRODUCTS_DIR)/Homepwner.app/Homepwner";
			};
			name = Release;
		};
		334B8EBD1D0A29000033F5B4 /* Debug */ = {
			isa = XCBuildConfiguration;
			buildSettings = {
				INFOPLIST_FILE = HomepwnerUITests/Info.plist;
				LD_RUNPATH_SEARCH_PATHS = "$(inherited) @executable_path/Frameworks @loader_path/Frameworks";
				PRODUCT_BUNDLE_IDENTIFIER = test.HomepwnerUITests;
				PRODUCT_NAME = "$(TARGET_NAME)";
				TEST_TARGET_NAME = Homepwner;
			};
			name = Debug;
		};
		334B8EBE1D0A29000033F5B4 /* Release */ = {
			isa = XCBuildConfiguration;
			buildSettings = {
				INFOPLIST_FILE = HomepwnerUITests/Info.plist;
				LD_RUNPATH_SEARCH_PATHS = "$(inherited) @executable_path/Frameworks @loader_path/Frameworks";
				PRODUCT_BUNDLE_IDENTIFIER = test.HomepwnerUITests;
				PRODUCT_NAME = "$(TARGET_NAME)";
				TEST_TARGET_NAME = Homepwner;
			};
			name = Release;
		};
/* End XCBuildConfiguration section */

/* Begin XCConfigurationList section */
		334B8E8A1D0A29000033F5B4 /* Build configuration list for PBXProject "Homepwner" */ = {
			isa = XCConfigurationList;
			buildConfigurations = (
				334B8EB41D0A29000033F5B4 /* Debug */,
				334B8EB51D0A29000033F5B4 /* Release */,
			);
			defaultConfigurationIsVisible = 0;
			defaultConfigurationName = Release;
		};
		334B8EB61D0A29000033F5B4 /* Build configuration list for PBXNativeTarget "Homepwner" */ = {
			isa = XCConfigurationList;
			buildConfigurations = (
				334B8EB71D0A29000033F5B4 /* Debug */,
				334B8EB81D0A29000033F5B4 /* Release */,
			);
			defaultConfigurationIsVisible = 0;
			defaultConfigurationName = Release;
		};
		334B8EB91D0A29000033F5B4 /* Build configuration list for PBXNativeTarget "HomepwnerTests" */ = {
			isa = XCConfigurationList;
			buildConfigurations = (
				334B8EBA1D0A29000033F5B4 /* Debug */,
				334B8EBB1D0A29000033F5B4 /* Release */,
			);
			defaultConfigurationIsVisible = 0;
			defaultConfigurationName = Release;
		};
		334B8EBC1D0A29000033F5B4 /* Build configuration list for PBXNativeTarget "HomepwnerUITests" */ = {
			isa = XCConfigurationList;
			buildConfigurations = (
				334B8EBD1D0A29000033F5B4 /* Debug */,
				334B8EBE1D0A29000033F5B4 /* Release */,
			);
			defaultConfigurationIsVisible = 0;
			defaultConfigurationName = Release;
		};
/* End XCConfigurationList section */

/* Begin XCVersionGroup section */
		33134FF71D25CA0F00FD59DB /* Homepwner.xcdatamodeld */ = {
			isa = XCVersionGroup;
			children = (
				33134FF81D25CA0F00FD59DB /* Homepwner.xcdatamodel */,
			);
			currentVersion = 33134FF81D25CA0F00FD59DB /* Homepwner.xcdatamodel */;
			path = Homepwner.xcdatamodeld;
			sourceTree = "<group>";
			versionGroupType = wrapper.xcdatamodel;
		};
/* End XCVersionGroup section */
	};
	rootObject = 334B8E871D0A29000033F5B4 /* Project object */;
}
